
Microsoft Visual Studio Solution File, Format Version 12.00
# Visual Studio Version 17
VisualStudioVersion = 17.14.36603.0
MinimumVisualStudioVersion = 10.0.40219.1
Project("{FAE04EC0-301F-11D3-BF4B-00C04F79EFBC}") = "FacetedGlassPlugin", "faceted_glass_plugin\FacetedGlassPlugin.csproj", "{4BBF0E96-7C09-4113-A5F3-767902D5BB77}"
	ProjectSection(ProjectDependencies) = postProject
		{43F535A7-430E-42DD-A247-AA32DAAAE646} = {43F535A7-430E-42DD-A247-AA32DAAAE646}
		{C48D0831-DE56-41BA-9324-5FB34396C162} = {C48D0831-DE56-41BA-9324-5FB34396C162}
	EndProjectSection
EndProject
Project("{FAE04EC0-301F-11D3-BF4B-00C04F79EFBC}") = "BuilderFacetedGlass", "Builder\BuilderFacetedGlass.csproj", "{97C83FCC-80D5-4609-BC32-F597909206E1}"
EndProject
Project("{FAE04EC0-301F-11D3-BF4B-00C04F79EFBC}") = "Core", "Core\Core.csproj", "{F92CF373-8141-4738-BEF3-0E2316F09809}"
EndProject
Project("{FAE04EC0-301F-11D3-BF4B-00C04F79EFBC}") = "Core.Tests", "Core.Tests\Core.Tests.csproj", "{43F535A7-430E-42DD-A247-AA32DAAAE646}"
	ProjectSection(ProjectDependencies) = postProject
		{97C83FCC-80D5-4609-BC32-F597909206E1} = {97C83FCC-80D5-4609-BC32-F597909206E1}
		{F92CF373-8141-4738-BEF3-0E2316F09809} = {F92CF373-8141-4738-BEF3-0E2316F09809}
	EndProjectSection
EndProject
Project("{FAE04EC0-301F-11D3-BF4B-00C04F79EFBC}") = "GlassBuilder.Tests", "GlassBuilder.Tests\GlassBuilder.Tests.csproj", "{C48D0831-DE56-41BA-9324-5FB34396C162}"
	ProjectSection(ProjectDependencies) = postProject
		{43F535A7-430E-42DD-A247-AA32DAAAE646} = {43F535A7-430E-42DD-A247-AA32DAAAE646}
		{97C83FCC-80D5-4609-BC32-F597909206E1} = {97C83FCC-80D5-4609-BC32-F597909206E1}
		{F92CF373-8141-4738-BEF3-0E2316F09809} = {F92CF373-8141-4738-BEF3-0E2316F09809}
	EndProjectSection
EndProject
Global
	GlobalSection(SolutionConfigurationPlatforms) = preSolution
		Debug|Any CPU = Debug|Any CPU
		Release|Any CPU = Release|Any CPU
	EndGlobalSection
	GlobalSection(ProjectConfigurationPlatforms) = postSolution
		{4BBF0E96-7C09-4113-A5F3-767902D5BB77}.Debug|Any CPU.ActiveCfg = Debug|Any CPU
		{4BBF0E96-7C09-4113-A5F3-767902D5BB77}.Debug|Any CPU.Build.0 = Debug|Any CPU
		{4BBF0E96-7C09-4113-A5F3-767902D5BB77}.Release|Any CPU.ActiveCfg = Release|Any CPU
		{4BBF0E96-7C09-4113-A5F3-767902D5BB77}.Release|Any CPU.Build.0 = Release|Any CPU
		{97C83FCC-80D5-4609-BC32-F597909206E1}.Debug|Any CPU.ActiveCfg = Debug|Any CPU
		{97C83FCC-80D5-4609-BC32-F597909206E1}.Debug|Any CPU.Build.0 = Debug|Any CPU
		{97C83FCC-80D5-4609-BC32-F597909206E1}.Release|Any CPU.ActiveCfg = Release|Any CPU
		{97C83FCC-80D5-4609-BC32-F597909206E1}.Release|Any CPU.Build.0 = Release|Any CPU
		{F92CF373-8141-4738-BEF3-0E2316F09809}.Debug|Any CPU.ActiveCfg = Debug|Any CPU
		{F92CF373-8141-4738-BEF3-0E2316F09809}.Debug|Any CPU.Build.0 = Debug|Any CPU
		{F92CF373-8141-4738-BEF3-0E2316F09809}.Release|Any CPU.ActiveCfg = Release|Any CPU
		{F92CF373-8141-4738-BEF3-0E2316F09809}.Release|Any CPU.Build.0 = Release|Any CPU
		{43F535A7-430E-42DD-A247-AA32DAAAE646}.Debug|Any CPU.ActiveCfg = Debug|Any CPU
		{43F535A7-430E-42DD-A247-AA32DAAAE646}.Debug|Any CPU.Build.0 = Debug|Any CPU
		{43F535A7-430E-42DD-A247-AA32DAAAE646}.Release|Any CPU.ActiveCfg = Release|Any CPU
		{43F535A7-430E-42DD-A247-AA32DAAAE646}.Release|Any CPU.Build.0 = Release|Any CPU
		{C48D0831-DE56-41BA-9324-5FB34396C162}.Debug|Any CPU.ActiveCfg = Debug|Any CPU
		{C48D0831-DE56-41BA-9324-5FB34396C162}.Debug|Any CPU.Build.0 = Debug|Any CPU
		{C48D0831-DE56-41BA-9324-5FB34396C162}.Release|Any CPU.ActiveCfg = Release|Any CPU
		{C48D0831-DE56-41BA-9324-5FB34396C162}.Release|Any CPU.Build.0 = Release|Any CPU
	EndGlobalSection
	GlobalSection(SolutionProperties) = preSolution
		HideSolutionNode = FALSE
	EndGlobalSection
	GlobalSection(ExtensibilityGlobals) = postSolution
		SolutionGuid = {40F90002-C1F0-48DF-B499-6AA5D3768DD0}
	EndGlobalSection
EndGlobal
